
Microsoft Visual Studio Solution File, Format Version 12.00
# Visual Studio Version 17
VisualStudioVersion = 17.8.34309.116
MinimumVisualStudioVersion = 10.0.40219.1
Project("{FAE04EC0-301F-11D3-BF4B-00C04F79EFBC}") = "FA", "FA\FA.csproj", "{2611633C-98A3-45BC-933F-F7DF577F6111}"
EndProject
Global
	GlobalSection(SolutionConfigurationPlatforms) = preSolution
		Debug|Any CPU = Debug|Any CPU
		Release|Any CPU = Release|Any CPU
	EndGlobalSection
	GlobalSection(ProjectConfigurationPlatforms) = postSolution
		{2611633C-98A3-45BC-933F-F7DF577F6111}.Debug|Any CPU.ActiveCfg = Debug|Any CPU
		{2611633C-98A3-45BC-933F-F7DF577F6111}.Debug|Any CPU.Build.0 = Debug|Any CPU
		{2611633C-98A3-45BC-933F-F7DF577F6111}.Release|Any CPU.ActiveCfg = Release|Any CPU
		{2611633C-98A3-45BC-933F-F7DF577F6111}.Release|Any CPU.Build.0 = Release|Any CPU
	EndGlobalSection
	GlobalSection(SolutionProperties) = preSolution
		HideSolutionNode = FALSE
	EndGlobalSection
	GlobalSection(ExtensibilityGlobals) = postSolution
		SolutionGuid = {E157938B-87C3-4F2F-B332-A885618337BF}
	EndGlobalSection
EndGlobal
